
Microsoft Visual Studio Solution File, Format Version 12.00
# Visual Studio 15
VisualStudioVersion = 15.0.28307.106
MinimumVisualStudioVersion = 10.0.40219.1
Project("{FAE04EC0-301F-11D3-BF4B-00C04F79EFBC}") = "SistemaVendas", "SistemaVendas\SistemaVendas.csproj", "{D983E477-032F-42C4-A7C9-F3BF2E6C9647}"
EndProject
Global
	GlobalSection(SolutionConfigurationPlatforms) = preSolution
		Debug|Any CPU = Debug|Any CPU
		Release|Any CPU = Release|Any CPU
	EndGlobalSection
	GlobalSection(ProjectConfigurationPlatforms) = postSolution
		{D983E477-032F-42C4-A7C9-F3BF2E6C9647}.Debug|Any CPU.ActiveCfg = Debug|Any CPU
		{D983E477-032F-42C4-A7C9-F3BF2E6C9647}.Debug|Any CPU.Build.0 = Debug|Any CPU
		{D983E477-032F-42C4-A7C9-F3BF2E6C9647}.Release|Any CPU.ActiveCfg = Release|Any CPU
		{D983E477-032F-42C4-A7C9-F3BF2E6C9647}.Release|Any CPU.Build.0 = Release|Any CPU
	EndGlobalSection
	GlobalSection(SolutionProperties) = preSolution
		HideSolutionNode = FALSE
	EndGlobalSection
	GlobalSection(ExtensibilityGlobals) = postSolution
		SolutionGuid = {E115827B-D0A5-43BE-A8D1-0FB29D4A8A6A}
	EndGlobalSection
EndGlobal
